
Microsoft Visual Studio Solution File, Format Version 12.00
# Visual Studio Version 17
VisualStudioVersion = 17.11.35222.181
MinimumVisualStudioVersion = 10.0.40219.1
Project("{FAE04EC0-301F-11D3-BF4B-00C04F79EFBC}") = "MatchGame", "MatchGame.csproj", "{2FD9027A-5D07-4B77-A388-626EC6F1C3ED}"
EndProject
Global
	GlobalSection(SolutionConfigurationPlatforms) = preSolution
		Debug|Any CPU = Debug|Any CPU
		Release|Any CPU = Release|Any CPU
	EndGlobalSection
	GlobalSection(ProjectConfigurationPlatforms) = postSolution
		{2FD9027A-5D07-4B77-A388-626EC6F1C3ED}.Debug|Any CPU.ActiveCfg = Debug|Any CPU
		{2FD9027A-5D07-4B77-A388-626EC6F1C3ED}.Debug|Any CPU.Build.0 = Debug|Any CPU
		{2FD9027A-5D07-4B77-A388-626EC6F1C3ED}.Release|Any CPU.ActiveCfg = Release|Any CPU
		{2FD9027A-5D07-4B77-A388-626EC6F1C3ED}.Release|Any CPU.Build.0 = Release|Any CPU
	EndGlobalSection
	GlobalSection(SolutionProperties) = preSolution
		HideSolutionNode = FALSE
	EndGlobalSection
	GlobalSection(ExtensibilityGlobals) = postSolution
		SolutionGuid = {84DF82B3-DBD3-42DF-B06C-688091D1BED2}
	EndGlobalSection
EndGlobal
